// !$*UTF8*$!
{
	archiveVersion = 1;
	classes = {
	};
	objectVersion = 46;
	objects = {

/* Begin PBXBuildFile section */
		FAC087221DCBDC6A00739B15 /* AppDelegate.swift in Sources */ = {isa = PBXBuildFile; fileRef = FAC087211DCBDC6A00739B15 /* AppDelegate.swift */; };
		FAC087241DCBDC6A00739B15 /* ViewController.swift in Sources */ = {isa = PBXBuildFile; fileRef = FAC087231DCBDC6A00739B15 /* ViewController.swift */; };
		FAC087271DCBDC6A00739B15 /* Main.storyboard in Resources */ = {isa = PBXBuildFile; fileRef = FAC087251DCBDC6A00739B15 /* Main.storyboard */; };
		FAC087291DCBDC6A00739B15 /* Assets.xcassets in Resources */ = {isa = PBXBuildFile; fileRef = FAC087281DCBDC6A00739B15 /* Assets.xcassets */; };
		FAC0872C1DCBDC6A00739B15 /* LaunchScreen.storyboard in Resources */ = {isa = PBXBuildFile; fileRef = FAC0872A1DCBDC6A00739B15 /* LaunchScreen.storyboard */; };
/* End PBXBuildFile section */

/* Begin PBXFileReference section */
		FAC0871E1DCBDC6A00739B15 /* IntroToTables.app */ = {isa = PBXFileReference; explicitFileType = wrapper.application; includeInIndex = 0; path = IntroToTables.app; sourceTree = BUILT_PRODUCTS_DIR; };
		FAC087211DCBDC6A00739B15 /* AppDelegate.swift */ = {isa = PBXFileReference; lastKnownFileType = sourcecode.swift; path = AppDelegate.swift; sourceTree = "<group>"; };
		FAC087231DCBDC6A00739B15 /* ViewController.swift */ = {isa = PBXFileReference; lastKnownFileType = sourcecode.swift; path = ViewController.swift; sourceTree = "<group>"; };
		FAC087261DCBDC6A00739B15 /* Base */ = {isa = PBXFileReference; lastKnownFileType = file.storyboard; name = Base; path = Base.lproj/Main.storyboard; sourceTree = "<group>"; };
		FAC087281DCBDC6A00739B15 /* Assets.xcassets */ = {isa = PBXFileReference; lastKnownFileType = folder.assetcatalog; path = Assets.xcassets; sourceTree = "<group>"; };
		FAC0872B1DCBDC6A00739B15 /* Base */ = {isa = PBXFileReference; lastKnownFileType = file.storyboard; name = Base; path = Base.lproj/LaunchScreen.storyboard; sourceTree = "<group>"; };
		FAC0872D1DCBDC6A00739B15 /* Info.plist */ = {isa = PBXFileReference; lastKnownFileType = text.plist.xml; path = Info.plist; sourceTree = "<group>"; };
/* End PBXFileReference section */

/* Begin PBXFrameworksBuildPhase section */
		FAC0871B1DCBDC6A00739B15 /* Frameworks */ = {
			isa = PBXFrameworksBuildPhase;
			buildActionMask = 2147483647;
			files = (
			);
			runOnlyForDeploymentPostprocessing = 0;
		};
/* End PBXFrameworksBuildPhase section */

/* Begin PBXGroup section */
		FAC087151DCBDC6A00739B15 = {
			isa = PBXGroup;
			children = (
				FAC087201DCBDC6A00739B15 /* IntroToTables */,
				FAC0871F1DCBDC6A00739B15 /* Products */,
			);
			sourceTree = "<group>";
		};
		FAC0871F1DCBDC6A00739B15 /* Products */ = {
			isa = PBXGroup;
			children = (
				FAC0871E1DCBDC6A00739B15 /* IntroToTables.app */,
			);
			name = Products;
			sourceTree = "<group>";
		};
		FAC087201DCBDC6A00739B15 /* IntroToTables */ = {
			isa = PBXGroup;
			children = (
				FAC087211DCBDC6A00739B15 /* AppDelegate.swift */,
				FAC087231DCBDC6A00739B15 /* ViewController.swift */,
				FAC087251DCBDC6A00739B15 /* Main.storyboard */,
				FAC087281DCBDC6A00739B15 /* Assets.xcassets */,
				FAC0872A1DCBDC6A00739B15 /* LaunchScreen.storyboard */,
				FAC0872D1DCBDC6A00739B15 /* Info.plist */,
			);
			path = IntroToTables;
			sourceTree = "<group>";
		};
/* End PBXGroup section */

/* Begin PBXNativeTarget section */
		FAC0871D1DCBDC6A00739B15 /* IntroToTables */ = {
			isa = PBXNativeTarget;
			buildConfigurationList = FAC087301DCBDC6A00739B15 /* Build configuration list for PBXNativeTarget "IntroToTables" */;
			buildPhases = (
				FAC0871A1DCBDC6A00739B15 /* Sources */,
				FAC0871B1DCBDC6A00739B15 /* Frameworks */,
				FAC0871C1DCBDC6A00739B15 /* Resources */,
			);
			buildRules = (
			);
			dependencies = (
			);
			name = IntroToTables;
			productName = IntroToTables;
			productReference = FAC0871E1DCBDC6A00739B15 /* IntroToTables.app */;
			productType = "com.apple.product-type.application";
		};
/* End PBXNativeTarget section */

/* Begin PBXProject section */
		FAC087161DCBDC6A00739B15 /* Project object */ = {
			isa = PBXProject;
			attributes = {
				LastSwiftUpdateCheck = 0810;
				LastUpgradeCheck = 0810;
				ORGANIZATIONNAME = "Tadeusz Wyrzykowski";
				TargetAttributes = {
					FAC0871D1DCBDC6A00739B15 = {
						CreatedOnToolsVersion = 8.1;
						DevelopmentTeam = NH9NP55RJ4;
						ProvisioningStyle = Automatic;
					};
				};
			};
			buildConfigurationList = FAC087191DCBDC6A00739B15 /* Build configuration list for PBXProject "IntroToTables" */;
			compatibilityVersion = "Xcode 3.2";
			developmentRegion = English;
			hasScannedForEncodings = 0;
			knownRegions = (
				en,
				Base,
			);
			mainGroup = FAC087151DCBDC6A00739B15;
			productRefGroup = FAC0871F1DCBDC6A00739B15 /* Products */;
			projectDirPath = "";
			projectRoot = "";
			targets = (
				FAC0871D1DCBDC6A00739B15 /* IntroToTables */,
			);
		};
/* End PBXProject section */

/* Begin PBXResourcesBuildPhase section */
		FAC0871C1DCBDC6A00739B15 /* Resources */ = {
			isa = PBXResourcesBuildPhase;
			buildActionMask = 2147483647;
			files = (
				FAC0872C1DCBDC6A00739B15 /* LaunchScreen.storyboard in Resources */,
				FAC087291DCBDC6A00739B15 /* Assets.xcassets in Resources */,
				FAC087271DCBDC6A00739B15 /* Main.storyboard in Resources */,
			);
			runOnlyForDeploymentPostprocessing = 0;
		};
/* End PBXResourcesBuildPhase section */

/* Begin PBXSourcesBuildPhase section */
		FAC0871A1DCBDC6A00739B15 /* Sources */ = {
			isa = PBXSourcesBuildPhase;
			buildActionMask = 2147483647;
			files = (
				FAC087241DCBDC6A00739B15 /* ViewController.swift in Sources */,
				FAC087221DCBDC6A00739B15 /* AppDelegate.swift in Sources */,
			);
			runOnlyForDeploymentPostprocessing = 0;
		};
/* End PBXSourcesBuildPhase section */

/* Begin PBXVariantGroup section */
		FAC087251DCBDC6A00739B15 /* Main.storyboard */ = {
			isa = PBXVariantGroup;
			children = (
				FAC087261DCBDC6A00739B15 /* Base */,
			);
			name = Main.storyboard;
			sourceTree = "<group>";
		};
		FAC0872A1DCBDC6A00739B15 /* LaunchScreen.storyboard */ = {
			isa = PBXVariantGroup;
			children = (
				FAC0872B1DCBDC6A00739B15 /* Base */,
			);
			name = LaunchScreen.storyboard;
			sourceTree = "<group>";
		};
/* End PBXVariantGroup section */

/* Begin XCBuildConfiguration section */
		FAC0872E1DCBDC6A00739B15 /* Debug */ = {
			isa = XCBuildConfiguration;
			buildSettings = {
				ALWAYS_SEARCH_USER_PATHS = NO;
				CLANG_ANALYZER_NONNULL = YES;
				CLANG_CXX_LANGUAGE_STANDARD = "gnu++0x";
				CLANG_CXX_LIBRARY = "libc++";
				CLANG_ENABLE_MODULES = YES;
				CLANG_ENABLE_OBJC_ARC = YES;
				CLANG_WARN_BOOL_CONVERSION = YES;
				CLANG_WARN_CONSTANT_CONVERSION = YES;
				CLANG_WARN_DIRECT_OBJC_ISA_USAGE = YES_ERROR;
				CLANG_WARN_DOCUMENTATION_COMMENTS = YES;
				CLANG_WARN_EMPTY_BODY = YES;
				CLANG_WARN_ENUM_CONVERSION = YES;
				CLANG_WARN_INFINITE_RECURSION = YES;
				CLANG_WARN_INT_CONVERSION = YES;
				CLANG_WARN_OBJC_ROOT_CLASS = YES_ERROR;
				CLANG_WARN_SUSPICIOUS_MOVES = YES;
				CLANG_WARN_UNREACHABLE_CODE = YES;
				CLANG_WARN__DUPLICATE_METHOD_MATCH = YES;
				"CODE_SIGN_IDENTITY[sdk=iphoneos*]" = "iPhone Developer";
				COPY_PHASE_STRIP = NO;
				DEBUG_INFORMATION_FORMAT = dwarf;
				ENABLE_STRICT_OBJC_MSGSEND = YES;
				ENABLE_TESTABILITY = YES;
				GCC_C_LANGUAGE_STANDARD = gnu99;
				GCC_DYNAMIC_NO_PIC = NO;
				GCC_NO_COMMON_BLOCKS = YES;
				GCC_OPTIMIZATION_LEVEL = 0;
				GCC_PREPROCESSOR_DEFINITIONS = (
					"DEBUG=1",
					"$(inherited)",
				);
				GCC_WARN_64_TO_32_BIT_CONVERSION = YES;
				GCC_WARN_ABOUT_RETURN_TYPE = YES_ERROR;
				GCC_WARN_UNDECLARED_SELECTOR = YES;
				GCC_WARN_UNINITIALIZED_AUTOS = YES_AGGRESSIVE;
				GCC_WARN_UNUSED_FUNCTION = YES;
				GCC_WARN_UNUSED_VARIABLE = YES;
				IPHONEOS_DEPLOYMENT_TARGET = 10.1;
				MTL_ENABLE_DEBUG_INFO = YES;
				ONLY_ACTIVE_ARCH = YES;
				SDKROOT = iphoneos;
				SWIFT_ACTIVE_COMPILATION_CONDITIONS = DEBUG;
				SWIFT_OPTIMIZATION_LEVEL = "-Onone";
			};
			name = Debug;
		};
		FAC0872F1DCBDC6A00739B15 /* Release */ = {
			isa = XCBuildConfiguration;
			buildSettings = {
				ALWAYS_SEARCH_USER_PATHS = NO;
				CLANG_ANALYZER_NONNULL = YES;
				CLANG_CXX_LANGUAGE_STANDARD = "gnu++0x";
				CLANG_CXX_LIBRARY = "libc++";
				CLANG_ENABLE_MODULES = YES;
				CLANG_ENABLE_OBJC_ARC = YES;
				CLANG_WARN_BOOL_CONVERSION = YES;
				CLANG_WARN_CONSTANT_CONVERSION = YES;
				CLANG_WARN_DIRECT_OBJC_ISA_USAGE = YES_ERROR;
				CLANG_WARN_DOCUMENTATION_COMMENTS = YES;
				CLANG_WARN_EMPTY_BODY = YES;
				CLANG_WARN_ENUM_CONVERSION = YES;
				CLANG_WARN_INFINITE_RECURSION = YES;
				CLANG_WARN_INT_CONVERSION = YES;
				CLANG_WARN_OBJC_ROOT_CLASS = YES_ERROR;
				CLANG_WARN_SUSPICIOUS_MOVES = YES;
				CLANG_WARN_UNREACHABLE_CODE = YES;
				CLANG_WARN__DUPLICATE_METHOD_MATCH = YES;
				"CODE_SIGN_IDENTITY[sdk=iphoneos*]" = "iPhone Developer";
				COPY_PHASE_STRIP = NO;
				DEBUG_INFORMATION_FORMAT = "dwarf-with-dsym";
				ENABLE_NS_ASSERTIONS = NO;
				ENABLE_STRICT_OBJC_MSGSEND = YES;
				GCC_C_LANGUAGE_STANDARD = gnu99;
				GCC_NO_COMMON_BLOCKS = YES;
				GCC_WARN_64_TO_32_BIT_CONVERSION = YES;
				GCC_WARN_ABOUT_RETURN_TYPE = YES_ERROR;
				GCC_WARN_UNDECLARED_SELECTOR = YES;
				GCC_WARN_UNINITIALIZED_AUTOS = YES_AGGRESSIVE;
				GCC_WARN_UNUSED_FUNCTION = YES;
				GCC_WARN_UNUSED_VARIABLE = YES;
				IPHONEOS_DEPLOYMENT_TARGET = 10.1;
				MTL_ENABLE_DEBUG_INFO = NO;
				SDKROOT = iphoneos;
				SWIFT_OPTIMIZATION_LEVEL = "-Owholemodule";
				VALIDATE_PRODUCT = YES;
			};
			name = Release;
		};
		FAC087311DCBDC6A00739B15 /* Debug */ = {
			isa = XCBuildConfiguration;
			buildSettings = {
				ASSETCATALOG_COMPILER_APPICON_NAME = AppIcon;
				DEVELOPMENT_TEAM = NH9NP55RJ4;
				INFOPLIST_FILE = IntroToTables/Info.plist;
				LD_RUNPATH_SEARCH_PATHS = "$(inherited) @executable_path/Frameworks";
				PRODUCT_BUNDLE_IDENTIFIER = pl.shaq.IntroToTables;
				PRODUCT_NAME = "$(TARGET_NAME)";
				SWIFT_VERSION = 3.0;
			};
			name = Debug;
		};
		FAC087321DCBDC6A00739B15 /* Release */ = {
			isa = XCBuildConfiguration;
			buildSettings = {
				ASSETCATALOG_COMPILER_APPICON_NAME = AppIcon;
				DEVELOPMENT_TEAM = NH9NP55RJ4;
				INFOPLIST_FILE = IntroToTables/Info.plist;
				LD_RUNPATH_SEARCH_PATHS = "$(inherited) @executable_path/Frameworks";
				PRODUCT_BUNDLE_IDENTIFIER = pl.shaq.IntroToTables;
				PRODUCT_NAME = "$(TARGET_NAME)";
				SWIFT_VERSION = 3.0;
			};
			name = Release;
		};
/* End XCBuildConfiguration section */

/* Begin XCConfigurationList section */
		FAC087191DCBDC6A00739B15 /* Build configuration list for PBXProject "IntroToTables" */ = {
			isa = XCConfigurationList;
			buildConfigurations = (
				FAC0872E1DCBDC6A00739B15 /* Debug */,
				FAC0872F1DCBDC6A00739B15 /* Release */,
			);
			defaultConfigurationIsVisible = 0;
			defaultConfigurationName = Release;
		};
		FAC087301DCBDC6A00739B15 /* Build configuration list for PBXNativeTarget "IntroToTables" */ = {
			isa = XCConfigurationList;
			buildConfigurations = (
				FAC087311DCBDC6A00739B15 /* Debug */,
				FAC087321DCBDC6A00739B15 /* Release */,
			);
			defaultConfigurationIsVisible = 0;
		};
/* End XCConfigurationList section */
	};
	rootObject = FAC087161DCBDC6A00739B15 /* Project object */;
}
