// !$*UTF8*$!
{
	archiveVersion = 1;
	classes = {
	};
	objectVersion = 46;
	objects = {

/* Begin PBXBuildFile section */
		FAC64E531DD60173001C0D4B /* AppDelegate.swift in Sources */ = {isa = PBXBuildFile; fileRef = FAC64E521DD60173001C0D4B /* AppDelegate.swift */; };
		FAC64E551DD60173001C0D4B /* ViewController.swift in Sources */ = {isa = PBXBuildFile; fileRef = FAC64E541DD60173001C0D4B /* ViewController.swift */; };
		FAC64E581DD60173001C0D4B /* Main.storyboard in Resources */ = {isa = PBXBuildFile; fileRef = FAC64E561DD60173001C0D4B /* Main.storyboard */; };
		FAC64E5B1DD60173001C0D4B /* PassedData.xcdatamodeld in Sources */ = {isa = PBXBuildFile; fileRef = FAC64E591DD60173001C0D4B /* PassedData.xcdatamodeld */; };
		FAC64E5D1DD60173001C0D4B /* Assets.xcassets in Resources */ = {isa = PBXBuildFile; fileRef = FAC64E5C1DD60173001C0D4B /* Assets.xcassets */; };
		FAC64E601DD60173001C0D4B /* LaunchScreen.storyboard in Resources */ = {isa = PBXBuildFile; fileRef = FAC64E5E1DD60173001C0D4B /* LaunchScreen.storyboard */; };
		FAC64E6B1DD60173001C0D4B /* PassedDataTests.swift in Sources */ = {isa = PBXBuildFile; fileRef = FAC64E6A1DD60173001C0D4B /* PassedDataTests.swift */; };
		FAC64E761DD60173001C0D4B /* PassedDataUITests.swift in Sources */ = {isa = PBXBuildFile; fileRef = FAC64E751DD60173001C0D4B /* PassedDataUITests.swift */; };
		FAC64E841DD60401001C0D4B /* VC2.swift in Sources */ = {isa = PBXBuildFile; fileRef = FAC64E831DD60401001C0D4B /* VC2.swift */; };
/* End PBXBuildFile section */

/* Begin PBXContainerItemProxy section */
		FAC64E671DD60173001C0D4B /* PBXContainerItemProxy */ = {
			isa = PBXContainerItemProxy;
			containerPortal = FAC64E471DD60172001C0D4B /* Project object */;
			proxyType = 1;
			remoteGlobalIDString = FAC64E4E1DD60172001C0D4B;
			remoteInfo = PassedData;
		};
		FAC64E721DD60173001C0D4B /* PBXContainerItemProxy */ = {
			isa = PBXContainerItemProxy;
			containerPortal = FAC64E471DD60172001C0D4B /* Project object */;
			proxyType = 1;
			remoteGlobalIDString = FAC64E4E1DD60172001C0D4B;
			remoteInfo = PassedData;
		};
/* End PBXContainerItemProxy section */

/* Begin PBXFileReference section */
		FAC64E4F1DD60173001C0D4B /* PassedData.app */ = {isa = PBXFileReference; explicitFileType = wrapper.application; includeInIndex = 0; path = PassedData.app; sourceTree = BUILT_PRODUCTS_DIR; };
		FAC64E521DD60173001C0D4B /* AppDelegate.swift */ = {isa = PBXFileReference; lastKnownFileType = sourcecode.swift; path = AppDelegate.swift; sourceTree = "<group>"; };
		FAC64E541DD60173001C0D4B /* ViewController.swift */ = {isa = PBXFileReference; lastKnownFileType = sourcecode.swift; path = ViewController.swift; sourceTree = "<group>"; };
		FAC64E571DD60173001C0D4B /* Base */ = {isa = PBXFileReference; lastKnownFileType = file.storyboard; name = Base; path = Base.lproj/Main.storyboard; sourceTree = "<group>"; };
		FAC64E5A1DD60173001C0D4B /* PassedData.xcdatamodel */ = {isa = PBXFileReference; lastKnownFileType = wrapper.xcdatamodel; path = PassedData.xcdatamodel; sourceTree = "<group>"; };
		FAC64E5C1DD60173001C0D4B /* Assets.xcassets */ = {isa = PBXFileReference; lastKnownFileType = folder.assetcatalog; path = Assets.xcassets; sourceTree = "<group>"; };
		FAC64E5F1DD60173001C0D4B /* Base */ = {isa = PBXFileReference; lastKnownFileType = file.storyboard; name = Base; path = Base.lproj/LaunchScreen.storyboard; sourceTree = "<group>"; };
		FAC64E611DD60173001C0D4B /* Info.plist */ = {isa = PBXFileReference; lastKnownFileType = text.plist.xml; path = Info.plist; sourceTree = "<group>"; };
		FAC64E661DD60173001C0D4B /* PassedDataTests.xctest */ = {isa = PBXFileReference; explicitFileType = wrapper.cfbundle; includeInIndex = 0; path = PassedDataTests.xctest; sourceTree = BUILT_PRODUCTS_DIR; };
		FAC64E6A1DD60173001C0D4B /* PassedDataTests.swift */ = {isa = PBXFileReference; lastKnownFileType = sourcecode.swift; path = PassedDataTests.swift; sourceTree = "<group>"; };
		FAC64E6C1DD60173001C0D4B /* Info.plist */ = {isa = PBXFileReference; lastKnownFileType = text.plist.xml; path = Info.plist; sourceTree = "<group>"; };
		FAC64E711DD60173001C0D4B /* PassedDataUITests.xctest */ = {isa = PBXFileReference; explicitFileType = wrapper.cfbundle; includeInIndex = 0; path = PassedDataUITests.xctest; sourceTree = BUILT_PRODUCTS_DIR; };
		FAC64E751DD60173001C0D4B /* PassedDataUITests.swift */ = {isa = PBXFileReference; lastKnownFileType = sourcecode.swift; path = PassedDataUITests.swift; sourceTree = "<group>"; };
		FAC64E771DD60173001C0D4B /* Info.plist */ = {isa = PBXFileReference; lastKnownFileType = text.plist.xml; path = Info.plist; sourceTree = "<group>"; };
		FAC64E831DD60401001C0D4B /* VC2.swift */ = {isa = PBXFileReference; fileEncoding = 4; lastKnownFileType = sourcecode.swift; path = VC2.swift; sourceTree = "<group>"; };
/* End PBXFileReference section */

/* Begin PBXFrameworksBuildPhase section */
		FAC64E4C1DD60172001C0D4B /* Frameworks */ = {
			isa = PBXFrameworksBuildPhase;
			buildActionMask = 2147483647;
			files = (
			);
			runOnlyForDeploymentPostprocessing = 0;
		};
		FAC64E631DD60173001C0D4B /* Frameworks */ = {
			isa = PBXFrameworksBuildPhase;
			buildActionMask = 2147483647;
			files = (
			);
			runOnlyForDeploymentPostprocessing = 0;
		};
		FAC64E6E1DD60173001C0D4B /* Frameworks */ = {
			isa = PBXFrameworksBuildPhase;
			buildActionMask = 2147483647;
			files = (
			);
			runOnlyForDeploymentPostprocessing = 0;
		};
/* End PBXFrameworksBuildPhase section */

/* Begin PBXGroup section */
		FAC64E461DD60172001C0D4B = {
			isa = PBXGroup;
			children = (
				FAC64E511DD60173001C0D4B /* PassedData */,
				FAC64E691DD60173001C0D4B /* PassedDataTests */,
				FAC64E741DD60173001C0D4B /* PassedDataUITests */,
				FAC64E501DD60173001C0D4B /* Products */,
			);
			sourceTree = "<group>";
		};
		FAC64E501DD60173001C0D4B /* Products */ = {
			isa = PBXGroup;
			children = (
				FAC64E4F1DD60173001C0D4B /* PassedData.app */,
				FAC64E661DD60173001C0D4B /* PassedDataTests.xctest */,
				FAC64E711DD60173001C0D4B /* PassedDataUITests.xctest */,
			);
			name = Products;
			sourceTree = "<group>";
		};
		FAC64E511DD60173001C0D4B /* PassedData */ = {
			isa = PBXGroup;
			children = (
				FAC64E521DD60173001C0D4B /* AppDelegate.swift */,
				FAC64E831DD60401001C0D4B /* VC2.swift */,
				FAC64E541DD60173001C0D4B /* ViewController.swift */,
				FAC64E561DD60173001C0D4B /* Main.storyboard */,
				FAC64E5C1DD60173001C0D4B /* Assets.xcassets */,
				FAC64E5E1DD60173001C0D4B /* LaunchScreen.storyboard */,
				FAC64E611DD60173001C0D4B /* Info.plist */,
				FAC64E591DD60173001C0D4B /* PassedData.xcdatamodeld */,
			);
			path = PassedData;
			sourceTree = "<group>";
		};
		FAC64E691DD60173001C0D4B /* PassedDataTests */ = {
			isa = PBXGroup;
			children = (
				FAC64E6A1DD60173001C0D4B /* PassedDataTests.swift */,
				FAC64E6C1DD60173001C0D4B /* Info.plist */,
			);
			path = PassedDataTests;
			sourceTree = "<group>";
		};
		FAC64E741DD60173001C0D4B /* PassedDataUITests */ = {
			isa = PBXGroup;
			children = (
				FAC64E751DD60173001C0D4B /* PassedDataUITests.swift */,
				FAC64E771DD60173001C0D4B /* Info.plist */,
			);
			path = PassedDataUITests;
			sourceTree = "<group>";
		};
/* End PBXGroup section */

/* Begin PBXNativeTarget section */
		FAC64E4E1DD60172001C0D4B /* PassedData */ = {
			isa = PBXNativeTarget;
			buildConfigurationList = FAC64E7A1DD60173001C0D4B /* Build configuration list for PBXNativeTarget "PassedData" */;
			buildPhases = (
				FAC64E4B1DD60172001C0D4B /* Sources */,
				FAC64E4C1DD60172001C0D4B /* Frameworks */,
				FAC64E4D1DD60172001C0D4B /* Resources */,
			);
			buildRules = (
			);
			dependencies = (
			);
			name = PassedData;
			productName = PassedData;
			productReference = FAC64E4F1DD60173001C0D4B /* PassedData.app */;
			productType = "com.apple.product-type.application";
		};
		FAC64E651DD60173001C0D4B /* PassedDataTests */ = {
			isa = PBXNativeTarget;
			buildConfigurationList = FAC64E7D1DD60173001C0D4B /* Build configuration list for PBXNativeTarget "PassedDataTests" */;
			buildPhases = (
				FAC64E621DD60173001C0D4B /* Sources */,
				FAC64E631DD60173001C0D4B /* Frameworks */,
				FAC64E641DD60173001C0D4B /* Resources */,
			);
			buildRules = (
			);
			dependencies = (
				FAC64E681DD60173001C0D4B /* PBXTargetDependency */,
			);
			name = PassedDataTests;
			productName = PassedDataTests;
			productReference = FAC64E661DD60173001C0D4B /* PassedDataTests.xctest */;
			productType = "com.apple.product-type.bundle.unit-test";
		};
		FAC64E701DD60173001C0D4B /* PassedDataUITests */ = {
			isa = PBXNativeTarget;
			buildConfigurationList = FAC64E801DD60173001C0D4B /* Build configuration list for PBXNativeTarget "PassedDataUITests" */;
			buildPhases = (
				FAC64E6D1DD60173001C0D4B /* Sources */,
				FAC64E6E1DD60173001C0D4B /* Frameworks */,
				FAC64E6F1DD60173001C0D4B /* Resources */,
			);
			buildRules = (
			);
			dependencies = (
				FAC64E731DD60173001C0D4B /* PBXTargetDependency */,
			);
			name = PassedDataUITests;
			productName = PassedDataUITests;
			productReference = FAC64E711DD60173001C0D4B /* PassedDataUITests.xctest */;
			productType = "com.apple.product-type.bundle.ui-testing";
		};
/* End PBXNativeTarget section */

/* Begin PBXProject section */
		FAC64E471DD60172001C0D4B /* Project object */ = {
			isa = PBXProject;
			attributes = {
				LastSwiftUpdateCheck = 0810;
				LastUpgradeCheck = 0810;
				ORGANIZATIONNAME = "Tadeusz Wyrzykowski";
				TargetAttributes = {
					FAC64E4E1DD60172001C0D4B = {
						CreatedOnToolsVersion = 8.1;
						DevelopmentTeam = NH9NP55RJ4;
						ProvisioningStyle = Automatic;
					};
					FAC64E651DD60173001C0D4B = {
						CreatedOnToolsVersion = 8.1;
						DevelopmentTeam = NH9NP55RJ4;
						ProvisioningStyle = Automatic;
						TestTargetID = FAC64E4E1DD60172001C0D4B;
					};
					FAC64E701DD60173001C0D4B = {
						CreatedOnToolsVersion = 8.1;
						DevelopmentTeam = NH9NP55RJ4;
						ProvisioningStyle = Automatic;
						TestTargetID = FAC64E4E1DD60172001C0D4B;
					};
				};
			};
			buildConfigurationList = FAC64E4A1DD60172001C0D4B /* Build configuration list for PBXProject "PassedData" */;
			compatibilityVersion = "Xcode 3.2";
			developmentRegion = English;
			hasScannedForEncodings = 0;
			knownRegions = (
				en,
				Base,
			);
			mainGroup = FAC64E461DD60172001C0D4B;
			productRefGroup = FAC64E501DD60173001C0D4B /* Products */;
			projectDirPath = "";
			projectRoot = "";
			targets = (
				FAC64E4E1DD60172001C0D4B /* PassedData */,
				FAC64E651DD60173001C0D4B /* PassedDataTests */,
				FAC64E701DD60173001C0D4B /* PassedDataUITests */,
			);
		};
/* End PBXProject section */

/* Begin PBXResourcesBuildPhase section */
		FAC64E4D1DD60172001C0D4B /* Resources */ = {
			isa = PBXResourcesBuildPhase;
			buildActionMask = 2147483647;
			files = (
				FAC64E601DD60173001C0D4B /* LaunchScreen.storyboard in Resources */,
				FAC64E5D1DD60173001C0D4B /* Assets.xcassets in Resources */,
				FAC64E581DD60173001C0D4B /* Main.storyboard in Resources */,
			);
			runOnlyForDeploymentPostprocessing = 0;
		};
		FAC64E641DD60173001C0D4B /* Resources */ = {
			isa = PBXResourcesBuildPhase;
			buildActionMask = 2147483647;
			files = (
			);
			runOnlyForDeploymentPostprocessing = 0;
		};
		FAC64E6F1DD60173001C0D4B /* Resources */ = {
			isa = PBXResourcesBuildPhase;
			buildActionMask = 2147483647;
			files = (
			);
			runOnlyForDeploymentPostprocessing = 0;
		};
/* End PBXResourcesBuildPhase section */

/* Begin PBXSourcesBuildPhase section */
		FAC64E4B1DD60172001C0D4B /* Sources */ = {
			isa = PBXSourcesBuildPhase;
			buildActionMask = 2147483647;
			files = (
				FAC64E551DD60173001C0D4B /* ViewController.swift in Sources */,
				FAC64E531DD60173001C0D4B /* AppDelegate.swift in Sources */,
				FAC64E5B1DD60173001C0D4B /* PassedData.xcdatamodeld in Sources */,
				FAC64E841DD60401001C0D4B /* VC2.swift in Sources */,
			);
			runOnlyForDeploymentPostprocessing = 0;
		};
		FAC64E621DD60173001C0D4B /* Sources */ = {
			isa = PBXSourcesBuildPhase;
			buildActionMask = 2147483647;
			files = (
				FAC64E6B1DD60173001C0D4B /* PassedDataTests.swift in Sources */,
			);
			runOnlyForDeploymentPostprocessing = 0;
		};
		FAC64E6D1DD60173001C0D4B /* Sources */ = {
			isa = PBXSourcesBuildPhase;
			buildActionMask = 2147483647;
			files = (
				FAC64E761DD60173001C0D4B /* PassedDataUITests.swift in Sources */,
			);
			runOnlyForDeploymentPostprocessing = 0;
		};
/* End PBXSourcesBuildPhase section */

/* Begin PBXTargetDependency section */
		FAC64E681DD60173001C0D4B /* PBXTargetDependency */ = {
			isa = PBXTargetDependency;
			target = FAC64E4E1DD60172001C0D4B /* PassedData */;
			targetProxy = FAC64E671DD60173001C0D4B /* PBXContainerItemProxy */;
		};
		FAC64E731DD60173001C0D4B /* PBXTargetDependency */ = {
			isa = PBXTargetDependency;
			target = FAC64E4E1DD60172001C0D4B /* PassedData */;
			targetProxy = FAC64E721DD60173001C0D4B /* PBXContainerItemProxy */;
		};
/* End PBXTargetDependency section */

/* Begin PBXVariantGroup section */
		FAC64E561DD60173001C0D4B /* Main.storyboard */ = {
			isa = PBXVariantGroup;
			children = (
				FAC64E571DD60173001C0D4B /* Base */,
			);
			name = Main.storyboard;
			sourceTree = "<group>";
		};
		FAC64E5E1DD60173001C0D4B /* LaunchScreen.storyboard */ = {
			isa = PBXVariantGroup;
			children = (
				FAC64E5F1DD60173001C0D4B /* Base */,
			);
			name = LaunchScreen.storyboard;
			sourceTree = "<group>";
		};
/* End PBXVariantGroup section */

/* Begin XCBuildConfiguration section */
		FAC64E781DD60173001C0D4B /* Debug */ = {
			isa = XCBuildConfiguration;
			buildSettings = {
				ALWAYS_SEARCH_USER_PATHS = NO;
				CLANG_ANALYZER_NONNULL = YES;
				CLANG_CXX_LANGUAGE_STANDARD = "gnu++0x";
				CLANG_CXX_LIBRARY = "libc++";
				CLANG_ENABLE_MODULES = YES;
				CLANG_ENABLE_OBJC_ARC = YES;
				CLANG_WARN_BOOL_CONVERSION = YES;
				CLANG_WARN_CONSTANT_CONVERSION = YES;
				CLANG_WARN_DIRECT_OBJC_ISA_USAGE = YES_ERROR;
				CLANG_WARN_DOCUMENTATION_COMMENTS = YES;
				CLANG_WARN_EMPTY_BODY = YES;
				CLANG_WARN_ENUM_CONVERSION = YES;
				CLANG_WARN_INFINITE_RECURSION = YES;
				CLANG_WARN_INT_CONVERSION = YES;
				CLANG_WARN_OBJC_ROOT_CLASS = YES_ERROR;
				CLANG_WARN_SUSPICIOUS_MOVES = YES;
				CLANG_WARN_UNREACHABLE_CODE = YES;
				CLANG_WARN__DUPLICATE_METHOD_MATCH = YES;
				"CODE_SIGN_IDENTITY[sdk=iphoneos*]" = "iPhone Developer";
				COPY_PHASE_STRIP = NO;
				DEBUG_INFORMATION_FORMAT = dwarf;
				ENABLE_STRICT_OBJC_MSGSEND = YES;
				ENABLE_TESTABILITY = YES;
				GCC_C_LANGUAGE_STANDARD = gnu99;
				GCC_DYNAMIC_NO_PIC = NO;
				GCC_NO_COMMON_BLOCKS = YES;
				GCC_OPTIMIZATION_LEVEL = 0;
				GCC_PREPROCESSOR_DEFINITIONS = (
					"DEBUG=1",
					"$(inherited)",
				);
				GCC_WARN_64_TO_32_BIT_CONVERSION = YES;
				GCC_WARN_ABOUT_RETURN_TYPE = YES_ERROR;
				GCC_WARN_UNDECLARED_SELECTOR = YES;
				GCC_WARN_UNINITIALIZED_AUTOS = YES_AGGRESSIVE;
				GCC_WARN_UNUSED_FUNCTION = YES;
				GCC_WARN_UNUSED_VARIABLE = YES;
				IPHONEOS_DEPLOYMENT_TARGET = 10.1;
				MTL_ENABLE_DEBUG_INFO = YES;
				ONLY_ACTIVE_ARCH = YES;
				SDKROOT = iphoneos;
				SWIFT_ACTIVE_COMPILATION_CONDITIONS = DEBUG;
				SWIFT_OPTIMIZATION_LEVEL = "-Onone";
			};
			name = Debug;
		};
		FAC64E791DD60173001C0D4B /* Release */ = {
			isa = XCBuildConfiguration;
			buildSettings = {
				ALWAYS_SEARCH_USER_PATHS = NO;
				CLANG_ANALYZER_NONNULL = YES;
				CLANG_CXX_LANGUAGE_STANDARD = "gnu++0x";
				CLANG_CXX_LIBRARY = "libc++";
				CLANG_ENABLE_MODULES = YES;
				CLANG_ENABLE_OBJC_ARC = YES;
				CLANG_WARN_BOOL_CONVERSION = YES;
				CLANG_WARN_CONSTANT_CONVERSION = YES;
				CLANG_WARN_DIRECT_OBJC_ISA_USAGE = YES_ERROR;
				CLANG_WARN_DOCUMENTATION_COMMENTS = YES;
				CLANG_WARN_EMPTY_BODY = YES;
				CLANG_WARN_ENUM_CONVERSION = YES;
				CLANG_WARN_INFINITE_RECURSION = YES;
				CLANG_WARN_INT_CONVERSION = YES;
				CLANG_WARN_OBJC_ROOT_CLASS = YES_ERROR;
				CLANG_WARN_SUSPICIOUS_MOVES = YES;
				CLANG_WARN_UNREACHABLE_CODE = YES;
				CLANG_WARN__DUPLICATE_METHOD_MATCH = YES;
				"CODE_SIGN_IDENTITY[sdk=iphoneos*]" = "iPhone Developer";
				COPY_PHASE_STRIP = NO;
				DEBUG_INFORMATION_FORMAT = "dwarf-with-dsym";
				ENABLE_NS_ASSERTIONS = NO;
				ENABLE_STRICT_OBJC_MSGSEND = YES;
				GCC_C_LANGUAGE_STANDARD = gnu99;
				GCC_NO_COMMON_BLOCKS = YES;
				GCC_WARN_64_TO_32_BIT_CONVERSION = YES;
				GCC_WARN_ABOUT_RETURN_TYPE = YES_ERROR;
				GCC_WARN_UNDECLARED_SELECTOR = YES;
				GCC_WARN_UNINITIALIZED_AUTOS = YES_AGGRESSIVE;
				GCC_WARN_UNUSED_FUNCTION = YES;
				GCC_WARN_UNUSED_VARIABLE = YES;
				IPHONEOS_DEPLOYMENT_TARGET = 10.1;
				MTL_ENABLE_DEBUG_INFO = NO;
				SDKROOT = iphoneos;
				SWIFT_OPTIMIZATION_LEVEL = "-Owholemodule";
				VALIDATE_PRODUCT = YES;
			};
			name = Release;
		};
		FAC64E7B1DD60173001C0D4B /* Debug */ = {
			isa = XCBuildConfiguration;
			buildSettings = {
				ASSETCATALOG_COMPILER_APPICON_NAME = AppIcon;
				DEVELOPMENT_TEAM = NH9NP55RJ4;
				INFOPLIST_FILE = PassedData/Info.plist;
				LD_RUNPATH_SEARCH_PATHS = "$(inherited) @executable_path/Frameworks";
				PRODUCT_BUNDLE_IDENTIFIER = pl.shaq.PassedData;
				PRODUCT_NAME = "$(TARGET_NAME)";
				SWIFT_VERSION = 3.0;
			};
			name = Debug;
		};
		FAC64E7C1DD60173001C0D4B /* Release */ = {
			isa = XCBuildConfiguration;
			buildSettings = {
				ASSETCATALOG_COMPILER_APPICON_NAME = AppIcon;
				DEVELOPMENT_TEAM = NH9NP55RJ4;
				INFOPLIST_FILE = PassedData/Info.plist;
				LD_RUNPATH_SEARCH_PATHS = "$(inherited) @executable_path/Frameworks";
				PRODUCT_BUNDLE_IDENTIFIER = pl.shaq.PassedData;
				PRODUCT_NAME = "$(TARGET_NAME)";
				SWIFT_VERSION = 3.0;
			};
			name = Release;
		};
		FAC64E7E1DD60173001C0D4B /* Debug */ = {
			isa = XCBuildConfiguration;
			buildSettings = {
				ALWAYS_EMBED_SWIFT_STANDARD_LIBRARIES = YES;
				BUNDLE_LOADER = "$(TEST_HOST)";
				DEVELOPMENT_TEAM = NH9NP55RJ4;
				INFOPLIST_FILE = PassedDataTests/Info.plist;
				LD_RUNPATH_SEARCH_PATHS = "$(inherited) @executable_path/Frameworks @loader_path/Frameworks";
				PRODUCT_BUNDLE_IDENTIFIER = pl.shaq.PassedDataTests;
				PRODUCT_NAME = "$(TARGET_NAME)";
				SWIFT_VERSION = 3.0;
				TEST_HOST = "$(BUILT_PRODUCTS_DIR)/PassedData.app/PassedData";
			};
			name = Debug;
		};
		FAC64E7F1DD60173001C0D4B /* Release */ = {
			isa = XCBuildConfiguration;
			buildSettings = {
				ALWAYS_EMBED_SWIFT_STANDARD_LIBRARIES = YES;
				BUNDLE_LOADER = "$(TEST_HOST)";
				DEVELOPMENT_TEAM = NH9NP55RJ4;
				INFOPLIST_FILE = PassedDataTests/Info.plist;
				LD_RUNPATH_SEARCH_PATHS = "$(inherited) @executable_path/Frameworks @loader_path/Frameworks";
				PRODUCT_BUNDLE_IDENTIFIER = pl.shaq.PassedDataTests;
				PRODUCT_NAME = "$(TARGET_NAME)";
				SWIFT_VERSION = 3.0;
				TEST_HOST = "$(BUILT_PRODUCTS_DIR)/PassedData.app/PassedData";
			};
			name = Release;
		};
		FAC64E811DD60173001C0D4B /* Debug */ = {
			isa = XCBuildConfiguration;
			buildSettings = {
				ALWAYS_EMBED_SWIFT_STANDARD_LIBRARIES = YES;
				DEVELOPMENT_TEAM = NH9NP55RJ4;
				INFOPLIST_FILE = PassedDataUITests/Info.plist;
				LD_RUNPATH_SEARCH_PATHS = "$(inherited) @executable_path/Frameworks @loader_path/Frameworks";
				PRODUCT_BUNDLE_IDENTIFIER = pl.shaq.PassedDataUITests;
				PRODUCT_NAME = "$(TARGET_NAME)";
				SWIFT_VERSION = 3.0;
				TEST_TARGET_NAME = PassedData;
			};
			name = Debug;
		};
		FAC64E821DD60173001C0D4B /* Release */ = {
			isa = XCBuildConfiguration;
			buildSettings = {
				ALWAYS_EMBED_SWIFT_STANDARD_LIBRARIES = YES;
				DEVELOPMENT_TEAM = NH9NP55RJ4;
				INFOPLIST_FILE = PassedDataUITests/Info.plist;
				LD_RUNPATH_SEARCH_PATHS = "$(inherited) @executable_path/Frameworks @loader_path/Frameworks";
				PRODUCT_BUNDLE_IDENTIFIER = pl.shaq.PassedDataUITests;
				PRODUCT_NAME = "$(TARGET_NAME)";
				SWIFT_VERSION = 3.0;
				TEST_TARGET_NAME = PassedData;
			};
			name = Release;
		};
/* End XCBuildConfiguration section */

/* Begin XCConfigurationList section */
		FAC64E4A1DD60172001C0D4B /* Build configuration list for PBXProject "PassedData" */ = {
			isa = XCConfigurationList;
			buildConfigurations = (
				FAC64E781DD60173001C0D4B /* Debug */,
				FAC64E791DD60173001C0D4B /* Release */,
			);
			defaultConfigurationIsVisible = 0;
			defaultConfigurationName = Release;
		};
		FAC64E7A1DD60173001C0D4B /* Build configuration list for PBXNativeTarget "PassedData" */ = {
			isa = XCConfigurationList;
			buildConfigurations = (
				FAC64E7B1DD60173001C0D4B /* Debug */,
				FAC64E7C1DD60173001C0D4B /* Release */,
			);
			defaultConfigurationIsVisible = 0;
		};
		FAC64E7D1DD60173001C0D4B /* Build configuration list for PBXNativeTarget "PassedDataTests" */ = {
			isa = XCConfigurationList;
			buildConfigurations = (
				FAC64E7E1DD60173001C0D4B /* Debug */,
				FAC64E7F1DD60173001C0D4B /* Release */,
			);
			defaultConfigurationIsVisible = 0;
		};
		FAC64E801DD60173001C0D4B /* Build configuration list for PBXNativeTarget "PassedDataUITests" */ = {
			isa = XCConfigurationList;
			buildConfigurations = (
				FAC64E811DD60173001C0D4B /* Debug */,
				FAC64E821DD60173001C0D4B /* Release */,
			);
			defaultConfigurationIsVisible = 0;
		};
/* End XCConfigurationList section */

/* Begin XCVersionGroup section */
		FAC64E591DD60173001C0D4B /* PassedData.xcdatamodeld */ = {
			isa = XCVersionGroup;
			children = (
				FAC64E5A1DD60173001C0D4B /* PassedData.xcdatamodel */,
			);
			currentVersion = FAC64E5A1DD60173001C0D4B /* PassedData.xcdatamodel */;
			path = PassedData.xcdatamodeld;
			sourceTree = "<group>";
			versionGroupType = wrapper.xcdatamodel;
		};
/* End XCVersionGroup section */
	};
	rootObject = FAC64E471DD60172001C0D4B /* Project object */;
}
