// !$*UTF8*$!
{
	archiveVersion = 1;
	classes = {
	};
	objectVersion = 46;
	objects = {

/* Begin PBXBuildFile section */
		FACF9BFA1DCBAA8C00AA4D49 /* AppDelegate.swift in Sources */ = {isa = PBXBuildFile; fileRef = FACF9BF91DCBAA8C00AA4D49 /* AppDelegate.swift */; };
		FACF9BFC1DCBAA8C00AA4D49 /* ViewController.swift in Sources */ = {isa = PBXBuildFile; fileRef = FACF9BFB1DCBAA8C00AA4D49 /* ViewController.swift */; };
		FACF9BFF1DCBAA8C00AA4D49 /* Main.storyboard in Resources */ = {isa = PBXBuildFile; fileRef = FACF9BFD1DCBAA8C00AA4D49 /* Main.storyboard */; };
		FACF9C011DCBAA8C00AA4D49 /* Assets.xcassets in Resources */ = {isa = PBXBuildFile; fileRef = FACF9C001DCBAA8C00AA4D49 /* Assets.xcassets */; };
		FACF9C041DCBAA8C00AA4D49 /* LaunchScreen.storyboard in Resources */ = {isa = PBXBuildFile; fileRef = FACF9C021DCBAA8C00AA4D49 /* LaunchScreen.storyboard */; };
/* End PBXBuildFile section */

/* Begin PBXFileReference section */
		FACF9BF61DCBAA8C00AA4D49 /* whatNumber.app */ = {isa = PBXFileReference; explicitFileType = wrapper.application; includeInIndex = 0; path = whatNumber.app; sourceTree = BUILT_PRODUCTS_DIR; };
		FACF9BF91DCBAA8C00AA4D49 /* AppDelegate.swift */ = {isa = PBXFileReference; lastKnownFileType = sourcecode.swift; path = AppDelegate.swift; sourceTree = "<group>"; };
		FACF9BFB1DCBAA8C00AA4D49 /* ViewController.swift */ = {isa = PBXFileReference; lastKnownFileType = sourcecode.swift; path = ViewController.swift; sourceTree = "<group>"; };
		FACF9BFE1DCBAA8C00AA4D49 /* Base */ = {isa = PBXFileReference; lastKnownFileType = file.storyboard; name = Base; path = Base.lproj/Main.storyboard; sourceTree = "<group>"; };
		FACF9C001DCBAA8C00AA4D49 /* Assets.xcassets */ = {isa = PBXFileReference; lastKnownFileType = folder.assetcatalog; path = Assets.xcassets; sourceTree = "<group>"; };
		FACF9C031DCBAA8C00AA4D49 /* Base */ = {isa = PBXFileReference; lastKnownFileType = file.storyboard; name = Base; path = Base.lproj/LaunchScreen.storyboard; sourceTree = "<group>"; };
		FACF9C051DCBAA8C00AA4D49 /* Info.plist */ = {isa = PBXFileReference; lastKnownFileType = text.plist.xml; path = Info.plist; sourceTree = "<group>"; };
/* End PBXFileReference section */

/* Begin PBXFrameworksBuildPhase section */
		FACF9BF31DCBAA8B00AA4D49 /* Frameworks */ = {
			isa = PBXFrameworksBuildPhase;
			buildActionMask = 2147483647;
			files = (
			);
			runOnlyForDeploymentPostprocessing = 0;
		};
/* End PBXFrameworksBuildPhase section */

/* Begin PBXGroup section */
		FACF9BED1DCBAA8B00AA4D49 = {
			isa = PBXGroup;
			children = (
				FACF9BF81DCBAA8C00AA4D49 /* whatNumber */,
				FACF9BF71DCBAA8C00AA4D49 /* Products */,
			);
			sourceTree = "<group>";
		};
		FACF9BF71DCBAA8C00AA4D49 /* Products */ = {
			isa = PBXGroup;
			children = (
				FACF9BF61DCBAA8C00AA4D49 /* whatNumber.app */,
			);
			name = Products;
			sourceTree = "<group>";
		};
		FACF9BF81DCBAA8C00AA4D49 /* whatNumber */ = {
			isa = PBXGroup;
			children = (
				FACF9BF91DCBAA8C00AA4D49 /* AppDelegate.swift */,
				FACF9BFB1DCBAA8C00AA4D49 /* ViewController.swift */,
				FACF9BFD1DCBAA8C00AA4D49 /* Main.storyboard */,
				FACF9C001DCBAA8C00AA4D49 /* Assets.xcassets */,
				FACF9C021DCBAA8C00AA4D49 /* LaunchScreen.storyboard */,
				FACF9C051DCBAA8C00AA4D49 /* Info.plist */,
			);
			path = whatNumber;
			sourceTree = "<group>";
		};
/* End PBXGroup section */

/* Begin PBXNativeTarget section */
		FACF9BF51DCBAA8B00AA4D49 /* whatNumber */ = {
			isa = PBXNativeTarget;
			buildConfigurationList = FACF9C081DCBAA8C00AA4D49 /* Build configuration list for PBXNativeTarget "whatNumber" */;
			buildPhases = (
				FACF9BF21DCBAA8B00AA4D49 /* Sources */,
				FACF9BF31DCBAA8B00AA4D49 /* Frameworks */,
				FACF9BF41DCBAA8B00AA4D49 /* Resources */,
			);
			buildRules = (
			);
			dependencies = (
			);
			name = whatNumber;
			productName = whatNumber;
			productReference = FACF9BF61DCBAA8C00AA4D49 /* whatNumber.app */;
			productType = "com.apple.product-type.application";
		};
/* End PBXNativeTarget section */

/* Begin PBXProject section */
		FACF9BEE1DCBAA8B00AA4D49 /* Project object */ = {
			isa = PBXProject;
			attributes = {
				LastSwiftUpdateCheck = 0810;
				LastUpgradeCheck = 0810;
				ORGANIZATIONNAME = "Tadeusz Wyrzykowski";
				TargetAttributes = {
					FACF9BF51DCBAA8B00AA4D49 = {
						CreatedOnToolsVersion = 8.1;
						DevelopmentTeam = NH9NP55RJ4;
						ProvisioningStyle = Automatic;
					};
				};
			};
			buildConfigurationList = FACF9BF11DCBAA8B00AA4D49 /* Build configuration list for PBXProject "whatNumber" */;
			compatibilityVersion = "Xcode 3.2";
			developmentRegion = English;
			hasScannedForEncodings = 0;
			knownRegions = (
				en,
				Base,
			);
			mainGroup = FACF9BED1DCBAA8B00AA4D49;
			productRefGroup = FACF9BF71DCBAA8C00AA4D49 /* Products */;
			projectDirPath = "";
			projectRoot = "";
			targets = (
				FACF9BF51DCBAA8B00AA4D49 /* whatNumber */,
			);
		};
/* End PBXProject section */

/* Begin PBXResourcesBuildPhase section */
		FACF9BF41DCBAA8B00AA4D49 /* Resources */ = {
			isa = PBXResourcesBuildPhase;
			buildActionMask = 2147483647;
			files = (
				FACF9C041DCBAA8C00AA4D49 /* LaunchScreen.storyboard in Resources */,
				FACF9C011DCBAA8C00AA4D49 /* Assets.xcassets in Resources */,
				FACF9BFF1DCBAA8C00AA4D49 /* Main.storyboard in Resources */,
			);
			runOnlyForDeploymentPostprocessing = 0;
		};
/* End PBXResourcesBuildPhase section */

/* Begin PBXSourcesBuildPhase section */
		FACF9BF21DCBAA8B00AA4D49 /* Sources */ = {
			isa = PBXSourcesBuildPhase;
			buildActionMask = 2147483647;
			files = (
				FACF9BFC1DCBAA8C00AA4D49 /* ViewController.swift in Sources */,
				FACF9BFA1DCBAA8C00AA4D49 /* AppDelegate.swift in Sources */,
			);
			runOnlyForDeploymentPostprocessing = 0;
		};
/* End PBXSourcesBuildPhase section */

/* Begin PBXVariantGroup section */
		FACF9BFD1DCBAA8C00AA4D49 /* Main.storyboard */ = {
			isa = PBXVariantGroup;
			children = (
				FACF9BFE1DCBAA8C00AA4D49 /* Base */,
			);
			name = Main.storyboard;
			sourceTree = "<group>";
		};
		FACF9C021DCBAA8C00AA4D49 /* LaunchScreen.storyboard */ = {
			isa = PBXVariantGroup;
			children = (
				FACF9C031DCBAA8C00AA4D49 /* Base */,
			);
			name = LaunchScreen.storyboard;
			sourceTree = "<group>";
		};
/* End PBXVariantGroup section */

/* Begin XCBuildConfiguration section */
		FACF9C061DCBAA8C00AA4D49 /* Debug */ = {
			isa = XCBuildConfiguration;
			buildSettings = {
				ALWAYS_SEARCH_USER_PATHS = NO;
				CLANG_ANALYZER_NONNULL = YES;
				CLANG_CXX_LANGUAGE_STANDARD = "gnu++0x";
				CLANG_CXX_LIBRARY = "libc++";
				CLANG_ENABLE_MODULES = YES;
				CLANG_ENABLE_OBJC_ARC = YES;
				CLANG_WARN_BOOL_CONVERSION = YES;
				CLANG_WARN_CONSTANT_CONVERSION = YES;
				CLANG_WARN_DIRECT_OBJC_ISA_USAGE = YES_ERROR;
				CLANG_WARN_DOCUMENTATION_COMMENTS = YES;
				CLANG_WARN_EMPTY_BODY = YES;
				CLANG_WARN_ENUM_CONVERSION = YES;
				CLANG_WARN_INFINITE_RECURSION = YES;
				CLANG_WARN_INT_CONVERSION = YES;
				CLANG_WARN_OBJC_ROOT_CLASS = YES_ERROR;
				CLANG_WARN_SUSPICIOUS_MOVES = YES;
				CLANG_WARN_UNREACHABLE_CODE = YES;
				CLANG_WARN__DUPLICATE_METHOD_MATCH = YES;
				"CODE_SIGN_IDENTITY[sdk=iphoneos*]" = "iPhone Developer";
				COPY_PHASE_STRIP = NO;
				DEBUG_INFORMATION_FORMAT = dwarf;
				ENABLE_STRICT_OBJC_MSGSEND = YES;
				ENABLE_TESTABILITY = YES;
				GCC_C_LANGUAGE_STANDARD = gnu99;
				GCC_DYNAMIC_NO_PIC = NO;
				GCC_NO_COMMON_BLOCKS = YES;
				GCC_OPTIMIZATION_LEVEL = 0;
				GCC_PREPROCESSOR_DEFINITIONS = (
					"DEBUG=1",
					"$(inherited)",
				);
				GCC_WARN_64_TO_32_BIT_CONVERSION = YES;
				GCC_WARN_ABOUT_RETURN_TYPE = YES_ERROR;
				GCC_WARN_UNDECLARED_SELECTOR = YES;
				GCC_WARN_UNINITIALIZED_AUTOS = YES_AGGRESSIVE;
				GCC_WARN_UNUSED_FUNCTION = YES;
				GCC_WARN_UNUSED_VARIABLE = YES;
				IPHONEOS_DEPLOYMENT_TARGET = 10.1;
				MTL_ENABLE_DEBUG_INFO = YES;
				ONLY_ACTIVE_ARCH = YES;
				SDKROOT = iphoneos;
				SWIFT_ACTIVE_COMPILATION_CONDITIONS = DEBUG;
				SWIFT_OPTIMIZATION_LEVEL = "-Onone";
			};
			name = Debug;
		};
		FACF9C071DCBAA8C00AA4D49 /* Release */ = {
			isa = XCBuildConfiguration;
			buildSettings = {
				ALWAYS_SEARCH_USER_PATHS = NO;
				CLANG_ANALYZER_NONNULL = YES;
				CLANG_CXX_LANGUAGE_STANDARD = "gnu++0x";
				CLANG_CXX_LIBRARY = "libc++";
				CLANG_ENABLE_MODULES = YES;
				CLANG_ENABLE_OBJC_ARC = YES;
				CLANG_WARN_BOOL_CONVERSION = YES;
				CLANG_WARN_CONSTANT_CONVERSION = YES;
				CLANG_WARN_DIRECT_OBJC_ISA_USAGE = YES_ERROR;
				CLANG_WARN_DOCUMENTATION_COMMENTS = YES;
				CLANG_WARN_EMPTY_BODY = YES;
				CLANG_WARN_ENUM_CONVERSION = YES;
				CLANG_WARN_INFINITE_RECURSION = YES;
				CLANG_WARN_INT_CONVERSION = YES;
				CLANG_WARN_OBJC_ROOT_CLASS = YES_ERROR;
				CLANG_WARN_SUSPICIOUS_MOVES = YES;
				CLANG_WARN_UNREACHABLE_CODE = YES;
				CLANG_WARN__DUPLICATE_METHOD_MATCH = YES;
				"CODE_SIGN_IDENTITY[sdk=iphoneos*]" = "iPhone Developer";
				COPY_PHASE_STRIP = NO;
				DEBUG_INFORMATION_FORMAT = "dwarf-with-dsym";
				ENABLE_NS_ASSERTIONS = NO;
				ENABLE_STRICT_OBJC_MSGSEND = YES;
				GCC_C_LANGUAGE_STANDARD = gnu99;
				GCC_NO_COMMON_BLOCKS = YES;
				GCC_WARN_64_TO_32_BIT_CONVERSION = YES;
				GCC_WARN_ABOUT_RETURN_TYPE = YES_ERROR;
				GCC_WARN_UNDECLARED_SELECTOR = YES;
				GCC_WARN_UNINITIALIZED_AUTOS = YES_AGGRESSIVE;
				GCC_WARN_UNUSED_FUNCTION = YES;
				GCC_WARN_UNUSED_VARIABLE = YES;
				IPHONEOS_DEPLOYMENT_TARGET = 10.1;
				MTL_ENABLE_DEBUG_INFO = NO;
				SDKROOT = iphoneos;
				SWIFT_OPTIMIZATION_LEVEL = "-Owholemodule";
				VALIDATE_PRODUCT = YES;
			};
			name = Release;
		};
		FACF9C091DCBAA8C00AA4D49 /* Debug */ = {
			isa = XCBuildConfiguration;
			buildSettings = {
				ASSETCATALOG_COMPILER_APPICON_NAME = AppIcon;
				DEVELOPMENT_TEAM = NH9NP55RJ4;
				INFOPLIST_FILE = whatNumber/Info.plist;
				LD_RUNPATH_SEARCH_PATHS = "$(inherited) @executable_path/Frameworks";
				PRODUCT_BUNDLE_IDENTIFIER = pl.shaq.whatNumber;
				PRODUCT_NAME = "$(TARGET_NAME)";
				SWIFT_VERSION = 3.0;
			};
			name = Debug;
		};
		FACF9C0A1DCBAA8C00AA4D49 /* Release */ = {
			isa = XCBuildConfiguration;
			buildSettings = {
				ASSETCATALOG_COMPILER_APPICON_NAME = AppIcon;
				DEVELOPMENT_TEAM = NH9NP55RJ4;
				INFOPLIST_FILE = whatNumber/Info.plist;
				LD_RUNPATH_SEARCH_PATHS = "$(inherited) @executable_path/Frameworks";
				PRODUCT_BUNDLE_IDENTIFIER = pl.shaq.whatNumber;
				PRODUCT_NAME = "$(TARGET_NAME)";
				SWIFT_VERSION = 3.0;
			};
			name = Release;
		};
/* End XCBuildConfiguration section */

/* Begin XCConfigurationList section */
		FACF9BF11DCBAA8B00AA4D49 /* Build configuration list for PBXProject "whatNumber" */ = {
			isa = XCConfigurationList;
			buildConfigurations = (
				FACF9C061DCBAA8C00AA4D49 /* Debug */,
				FACF9C071DCBAA8C00AA4D49 /* Release */,
			);
			defaultConfigurationIsVisible = 0;
			defaultConfigurationName = Release;
		};
		FACF9C081DCBAA8C00AA4D49 /* Build configuration list for PBXNativeTarget "whatNumber" */ = {
			isa = XCConfigurationList;
			buildConfigurations = (
				FACF9C091DCBAA8C00AA4D49 /* Debug */,
				FACF9C0A1DCBAA8C00AA4D49 /* Release */,
			);
			defaultConfigurationIsVisible = 0;
		};
/* End XCConfigurationList section */
	};
	rootObject = FACF9BEE1DCBAA8B00AA4D49 /* Project object */;
}
